
Microsoft Visual Studio Solution File, Format Version 12.00
# Visual Studio 2012
Project("{FAE04EC0-301F-11D3-BF4B-00C04F79EFBC}") = "Işid İmparatorlukları", "Işid İmparatorlukları\Işid İmparatorlukları.csproj", "{FA808CAF-7D0B-43BC-B31E-F21FF2D8917A}"
EndProject
Global
	GlobalSection(SolutionConfigurationPlatforms) = preSolution
		Debug|Any CPU = Debug|Any CPU
		Release|Any CPU = Release|Any CPU
	EndGlobalSection
	GlobalSection(ProjectConfigurationPlatforms) = postSolution
		{FA808CAF-7D0B-43BC-B31E-F21FF2D8917A}.Debug|Any CPU.ActiveCfg = Debug|Any CPU
		{FA808CAF-7D0B-43BC-B31E-F21FF2D8917A}.Debug|Any CPU.Build.0 = Debug|Any CPU
		{FA808CAF-7D0B-43BC-B31E-F21FF2D8917A}.Release|Any CPU.ActiveCfg = Release|Any CPU
		{FA808CAF-7D0B-43BC-B31E-F21FF2D8917A}.Release|Any CPU.Build.0 = Release|Any CPU
	EndGlobalSection
	GlobalSection(SolutionProperties) = preSolution
		HideSolutionNode = FALSE
	EndGlobalSection
EndGlobal
